
Microsoft Visual Studio Solution File, Format Version 12.00
# Visual Studio Version 17
VisualStudioVersion = 17.0.32126.317
MinimumVisualStudioVersion = 10.0.40219.1
Project("{FAE04EC0-301F-11D3-BF4B-00C04F79EFBC}") = "Superheltene", "Superheltene\Superheltene.csproj", "{5387BBC5-F502-467F-B1E7-23FB1FB18D98}"
EndProject
Global
	GlobalSection(SolutionConfigurationPlatforms) = preSolution
		Debug|Any CPU = Debug|Any CPU
		Release|Any CPU = Release|Any CPU
	EndGlobalSection
	GlobalSection(ProjectConfigurationPlatforms) = postSolution
		{5387BBC5-F502-467F-B1E7-23FB1FB18D98}.Debug|Any CPU.ActiveCfg = Debug|Any CPU
		{5387BBC5-F502-467F-B1E7-23FB1FB18D98}.Debug|Any CPU.Build.0 = Debug|Any CPU
		{5387BBC5-F502-467F-B1E7-23FB1FB18D98}.Release|Any CPU.ActiveCfg = Release|Any CPU
		{5387BBC5-F502-467F-B1E7-23FB1FB18D98}.Release|Any CPU.Build.0 = Release|Any CPU
	EndGlobalSection
	GlobalSection(SolutionProperties) = preSolution
		HideSolutionNode = FALSE
	EndGlobalSection
	GlobalSection(ExtensibilityGlobals) = postSolution
		SolutionGuid = {32ECAB57-5DAD-40F0-856A-033B9BFFA7E9}
	EndGlobalSection
EndGlobal
